Microsoft Visual Studio Solution File, Format Version 12.00
# Visual Studio 14
VisualStudioVersion = 14.0.23107.0
MinimumVisualStudioVersion = 10.0.40219.1
Project("{FAE04EC0-301F-11D3-BF4B-00C04F79EFBC}") = "KatanaConsoleDemo", "KatanaConsoleDemo\KatanaConsoleDemo.csproj", "{A43F79E3-6868-4163-8956-39EDB6D4092E}"
EndProject
Project("{FAE04EC0-301F-11D3-BF4B-00C04F79EFBC}") = "KatanaWebDemo", "KatanaWebDemo\KatanaWebDemo.csproj", "{FE334C75-13E8-4304-A0C1-7B515652E080}"
EndProject
Global
	GlobalSection(SolutionConfigurationPlatforms) = preSolution
		Debug|Any CPU = Debug|Any CPU
		Release|Any CPU = Release|Any CPU
	EndGlobalSection
	GlobalSection(ProjectConfigurationPlatforms) = postSolution
		{A43F79E3-6868-4163-8956-39EDB6D4092E}.Debug|Any CPU.ActiveCfg = Debug|Any CPU
		{A43F79E3-6868-4163-8956-39EDB6D4092E}.Debug|Any CPU.Build.0 = Debug|Any CPU
		{A43F79E3-6868-4163-8956-39EDB6D4092E}.Release|Any CPU.ActiveCfg = Release|Any CPU
		{A43F79E3-6868-4163-8956-39EDB6D4092E}.Release|Any CPU.Build.0 = Release|Any CPU
		{FE334C75-13E8-4304-A0C1-7B515652E080}.Debug|Any CPU.ActiveCfg = Debug|Any CPU
		{FE334C75-13E8-4304-A0C1-7B515652E080}.Debug|Any CPU.Build.0 = Debug|Any CPU
		{FE334C75-13E8-4304-A0C1-7B515652E080}.Release|Any CPU.ActiveCfg = Release|Any CPU
		{FE334C75-13E8-4304-A0C1-7B515652E080}.Release|Any CPU.Build.0 = Release|Any CPU
	EndGlobalSection
	GlobalSection(SolutionProperties) = preSolution
		HideSolutionNode = FALSE
	EndGlobalSection
EndGlobal
